{
    "version": 3,
    "terraform_version": "0.9.1",
    "serial": 21,
    "lineage": "e651dbad-a672-48eb-8b98-319c696ac189",
    "modules": [
        {
            "path": [
                "root"
            ],
            "outputs": {},
            "resources": {
                "aws_eip.challenge_eip": {
                    "type": "aws_eip",
                    "depends_on": [
                        "aws_instance.docker"
                    ],
                    "primary": {
                        "id": "eipalloc-9f4999af",
                        "attributes": {
                            "association_id": "eipassoc-f9607cca",
                            "domain": "vpc",
                            "id": "eipalloc-9f4999af",
                            "instance": "i-0ca294d76c33d147a",
                            "network_interface": "eni-c58bde23",
                            "private_ip": "10.0.200.34",
                            "public_ip": "34.203.1.243",
                            "vpc": "true"
                        },
                        "meta": {},
                        "tainted": false
                    },
                    "deposed": [],
                    "provider": ""
                },
                "aws_instance.docker": {
                    "type": "aws_instance",
                    "depends_on": [
                        "aws_security_group.allow_all",
                        "aws_subnet.challenge_subnet"
                    ],
                    "primary": {
                        "id": "i-0ca294d76c33d147a",
                        "attributes": {
                            "ami": "ami-0b542c1d",
                            "associate_public_ip_address": "true",
                            "availability_zone": "us-east-1a",
                            "disable_api_termination": "false",
                            "ebs_block_device.#": "0",
                            "ebs_optimized": "false",
                            "ephemeral_block_device.#": "0",
                            "iam_instance_profile": "",
                            "id": "i-0ca294d76c33d147a",
                            "instance_state": "running",
                            "instance_type": "t2.micro",
                            "ipv6_address_count": "0",
                            "ipv6_addresses.#": "0",
                            "key_name": "challenge-deployer",
                            "monitoring": "false",
                            "network_interface_id": "eni-c58bde23",
                            "private_dns": "ip-10-0-200-34.ec2.internal",
                            "private_ip": "10.0.200.34",
                            "public_dns": "ec2-34-203-1-243.compute-1.amazonaws.com",
                            "public_ip": "34.203.1.243",
                            "root_block_device.#": "1",
                            "root_block_device.0.delete_on_termination": "true",
                            "root_block_device.0.iops": "0",
                            "root_block_device.0.volume_size": "8",
                            "root_block_device.0.volume_type": "standard",
                            "security_groups.#": "0",
                            "source_dest_check": "true",
                            "subnet_id": "subnet-a22ab0ea",
                            "tags.%": "0",
                            "tenancy": "default",
                            "vpc_security_group_ids.#": "1",
                            "vpc_security_group_ids.927564711": "sg-903fd6e1"
                        },
                        "meta": {
                            "schema_version": "1"
                        },
                        "tainted": true
                    },
                    "deposed": [],
                    "provider": ""
                },
                "aws_internet_gateway.gw": {
                    "type": "aws_internet_gateway",
                    "depends_on": [
                        "aws_vpc.challenge_vpc"
                    ],
                    "primary": {
                        "id": "igw-8247d5e4",
                        "attributes": {
                            "id": "igw-8247d5e4",
                            "tags.%": "0",
                            "vpc_id": "vpc-56c5652f"
                        },
                        "meta": {},
                        "tainted": false
                    },
                    "deposed": [],
                    "provider": ""
                },
                "aws_key_pair.deployer": {
                    "type": "aws_key_pair",
                    "depends_on": [],
                    "primary": {
                        "id": "challenge-deployer",
                        "attributes": {
                            "fingerprint": "1a:8a:e0:2d:06:96:30:94:70:f4:84:cd:ec:2e:ef:4b",
                            "id": "challenge-deployer",
                            "key_name": "challenge-deployer",
                            "public_key": "ssh-rsa AAAAB3NzaC1yc2EAAAADAQABAAABAQDSCbHYt24tZ8SIT4ZcfXWI0Fvdv69dVNLlvOJb9jOk9SOpwda3KI7Kuqq/2u7FAGR3CjFK83qkT98nTQCsYhUp3wf3rUjoq8vnxrpgYULoXg60QzubXijzxUNkzRp53evk57Jfpvp0BU8tQUwjN+LIWP7tm4AR1HDgEaWa6pKDli9LpM5BGY6fCXQftLkSKpzulwJCc28gaLljoZjFGGlOHolcfom7TjqjqaS0T1TvyTi9gTZw7Qwf+96jZZlV80kGrTjRLXJb20edhLBlzXGupMbTjq7BLuuixHNu3BETffteDcSHdVGw3l00BZuU5G6m+9Yqyp+3OYXR0WcefnLZ knehring@gmail.com"
                        },
                        "meta": {
                            "schema_version": "1"
                        },
                        "tainted": false
                    },
                    "deposed": [],
                    "provider": ""
                },
                "aws_network_interface.network_interface": {
                    "type": "aws_network_interface",
                    "depends_on": [
                        "aws_subnet.challenge_subnet"
                    ],
                    "primary": {
                        "id": "eni-cf3f7529",
                        "attributes": {
                            "attachment.#": "0",
                            "description": "",
                            "id": "eni-cf3f7529",
                            "private_ips.#": "1",
                            "private_ips.2166889549": "10.0.200.167",
                            "security_groups.#": "1",
                            "security_groups.2433261709": "sg-433dd432",
                            "source_dest_check": "true",
                            "subnet_id": "subnet-a22ab0ea",
                            "tags.%": "0"
                        },
                        "meta": {},
                        "tainted": false
                    },
                    "deposed": [],
                    "provider": ""
                },
                "aws_route_table.r": {
                    "type": "aws_route_table",
                    "depends_on": [
                        "aws_internet_gateway.gw",
                        "aws_vpc.challenge_vpc"
                    ],
                    "primary": {
                        "id": "rtb-83c8abfb",
                        "attributes": {
                            "id": "rtb-83c8abfb",
                            "propagating_vgws.#": "0",
                            "route.#": "1",
                            "route.1113509486.cidr_block": "0.0.0.0/0",
                            "route.1113509486.egress_only_gateway_id": "",
                            "route.1113509486.gateway_id": "",
                            "route.1113509486.instance_id": "",
                            "route.1113509486.ipv6_cidr_block": "",
                            "route.1113509486.nat_gateway_id": "igw-8247d5e4",
                            "route.1113509486.network_interface_id": "",
                            "route.1113509486.vpc_peering_connection_id": "",
                            "tags.%": "0",
                            "vpc_id": "vpc-56c5652f"
                        },
                        "meta": {},
                        "tainted": false
                    },
                    "deposed": [],
                    "provider": ""
                },
                "aws_route_table_association.a": {
                    "type": "aws_route_table_association",
                    "depends_on": [
                        "aws_route_table.r",
                        "aws_subnet.challenge_subnet"
                    ],
                    "primary": {
                        "id": "rtbassoc-c9246ab2",
                        "attributes": {
                            "id": "rtbassoc-c9246ab2",
                            "route_table_id": "rtb-83c8abfb",
                            "subnet_id": "subnet-a22ab0ea"
                        },
                        "meta": {},
                        "tainted": false
                    },
                    "deposed": [],
                    "provider": ""
                },
                "aws_security_group.allow_all": {
                    "type": "aws_security_group",
                    "depends_on": [
                        "aws_vpc.challenge_vpc"
                    ],
                    "primary": {
                        "id": "sg-903fd6e1",
                        "attributes": {
                            "description": "Allow all inbound traffic",
                            "egress.#": "1",
                            "egress.482069346.cidr_blocks.#": "1",
                            "egress.482069346.cidr_blocks.0": "0.0.0.0/0",
                            "egress.482069346.from_port": "0",
                            "egress.482069346.ipv6_cidr_blocks.#": "0",
                            "egress.482069346.prefix_list_ids.#": "0",
                            "egress.482069346.protocol": "-1",
                            "egress.482069346.security_groups.#": "0",
                            "egress.482069346.self": "false",
                            "egress.482069346.to_port": "0",
                            "id": "sg-903fd6e1",
                            "ingress.#": "1",
                            "ingress.1403647648.cidr_blocks.#": "1",
                            "ingress.1403647648.cidr_blocks.0": "0.0.0.0/0",
                            "ingress.1403647648.from_port": "0",
                            "ingress.1403647648.ipv6_cidr_blocks.#": "0",
                            "ingress.1403647648.protocol": "tcp",
                            "ingress.1403647648.security_groups.#": "0",
                            "ingress.1403647648.self": "false",
                            "ingress.1403647648.to_port": "65535",
                            "name": "allow_all",
                            "owner_id": "912990680308",
                            "tags.%": "0",
                            "vpc_id": "vpc-56c5652f"
                        },
                        "meta": {},
                        "tainted": false
                    },
                    "deposed": [],
                    "provider": ""
                },
                "aws_subnet.challenge_subnet": {
                    "type": "aws_subnet",
                    "depends_on": [
                        "aws_vpc.challenge_vpc"
                    ],
                    "primary": {
                        "id": "subnet-a22ab0ea",
                        "attributes": {
                            "assign_ipv6_address_on_creation": "false",
                            "availability_zone": "us-east-1a",
                            "cidr_block": "10.0.200.0/24",
                            "id": "subnet-a22ab0ea",
                            "map_public_ip_on_launch": "true",
                            "tags.%": "0",
                            "vpc_id": "vpc-56c5652f"
                        },
                        "meta": {},
                        "tainted": false
                    },
                    "deposed": [],
                    "provider": ""
                },
                "aws_vpc.challenge_vpc": {
                    "type": "aws_vpc",
                    "depends_on": [],
                    "primary": {
                        "id": "vpc-56c5652f",
                        "attributes": {
                            "assign_generated_ipv6_cidr_block": "false",
                            "cidr_block": "10.0.0.0/16",
                            "default_network_acl_id": "acl-f2a4e98b",
                            "default_route_table_id": "rtb-f7d0b38f",
                            "default_security_group_id": "sg-433dd432",
                            "dhcp_options_id": "dopt-ad36ffc9",
                            "enable_classiclink": "false",
                            "enable_dns_hostnames": "true",
                            "enable_dns_support": "true",
                            "id": "vpc-56c5652f",
                            "instance_tenancy": "default",
                            "main_route_table_id": "rtb-f7d0b38f",
                            "tags.%": "0"
                        },
                        "meta": {},
                        "tainted": false
                    },
                    "deposed": [],
                    "provider": ""
                }
            },
            "depends_on": []
        }
    ]
}
